
Microsoft Visual Studio Solution File, Format Version 12.00
# Visual Studio Version 16
VisualStudioVersion = 16.0.29215.179
MinimumVisualStudioVersion = 10.0.40219.1
Project("{9A19103F-16F7-4668-BE54-9A1E7A4F7556}") = "Moggles", "Moggles\Moggles.csproj", "{3A22C921-C180-4DCF-983A-7A0CE920AFE9}"
EndProject
Project("{9A19103F-16F7-4668-BE54-9A1E7A4F7556}") = "Moggles.Data", "Moggles.Data\Moggles.Data.csproj", "{006CB3A8-EDD6-40F9-B357-D0BA7426E33E}"
EndProject
Project("{9A19103F-16F7-4668-BE54-9A1E7A4F7556}") = "Moggles.Domain", "Moggles.Domain\Moggles.Domain.csproj", "{1817D7EF-63DD-4749-9422-0AEC1A2559B7}"
EndProject
Project("{9A19103F-16F7-4668-BE54-9A1E7A4F7556}") = "Moggles.Tests", "Moggles.Tests\Moggles.Tests.csproj", "{16B1B2E4-A1A0-46B2-8541-67660DF5333D}"
EndProject
Project("{9A19103F-16F7-4668-BE54-9A1E7A4F7556}") = "MogglesContracts", "MogglesContracts\MogglesContracts.csproj", "{0400E1AA-6C2A-424C-AEFC-99A2B2A169B1}"
EndProject
Project("{9A19103F-16F7-4668-BE54-9A1E7A4F7556}") = "Moggles.UnitTests", "Moggles.UnitTests\Moggles.UnitTests.csproj", "{22F4174B-F892-4ECB-8DA5-B989E85324EB}"
EndProject
Project("{FAE04EC0-301F-11D3-BF4B-00C04F79EFBC}") = "Moggles.Data.NoDb", "Moggles.Data.NoDb\Moggles.Data.NoDb.csproj", "{6AB5B659-582E-4C4C-86B8-19C1100118F3}"
EndProject
Global
	GlobalSection(SolutionConfigurationPlatforms) = preSolution
		Debug|Any CPU = Debug|Any CPU
		Release|Any CPU = Release|Any CPU
		Staging|Any CPU = Staging|Any CPU
	EndGlobalSection
	GlobalSection(ProjectConfigurationPlatforms) = postSolution
		{3A22C921-C180-4DCF-983A-7A0CE920AFE9}.Debug|Any CPU.ActiveCfg = Debug|Any CPU
		{3A22C921-C180-4DCF-983A-7A0CE920AFE9}.Debug|Any CPU.Build.0 = Debug|Any CPU
		{3A22C921-C180-4DCF-983A-7A0CE920AFE9}.Release|Any CPU.ActiveCfg = Release|Any CPU
		{3A22C921-C180-4DCF-983A-7A0CE920AFE9}.Release|Any CPU.Build.0 = Release|Any CPU
		{3A22C921-C180-4DCF-983A-7A0CE920AFE9}.Staging|Any CPU.ActiveCfg = Release|Any CPU
		{3A22C921-C180-4DCF-983A-7A0CE920AFE9}.Staging|Any CPU.Build.0 = Release|Any CPU
		{006CB3A8-EDD6-40F9-B357-D0BA7426E33E}.Debug|Any CPU.ActiveCfg = Debug|Any CPU
		{006CB3A8-EDD6-40F9-B357-D0BA7426E33E}.Debug|Any CPU.Build.0 = Debug|Any CPU
		{006CB3A8-EDD6-40F9-B357-D0BA7426E33E}.Release|Any CPU.ActiveCfg = Release|Any CPU
		{006CB3A8-EDD6-40F9-B357-D0BA7426E33E}.Release|Any CPU.Build.0 = Release|Any CPU
		{006CB3A8-EDD6-40F9-B357-D0BA7426E33E}.Staging|Any CPU.ActiveCfg = Release|Any CPU
		{006CB3A8-EDD6-40F9-B357-D0BA7426E33E}.Staging|Any CPU.Build.0 = Release|Any CPU
		{1817D7EF-63DD-4749-9422-0AEC1A2559B7}.Debug|Any CPU.ActiveCfg = Debug|Any CPU
		{1817D7EF-63DD-4749-9422-0AEC1A2559B7}.Debug|Any CPU.Build.0 = Debug|Any CPU
		{1817D7EF-63DD-4749-9422-0AEC1A2559B7}.Release|Any CPU.ActiveCfg = Release|Any CPU
		{1817D7EF-63DD-4749-9422-0AEC1A2559B7}.Release|Any CPU.Build.0 = Release|Any CPU
		{1817D7EF-63DD-4749-9422-0AEC1A2559B7}.Staging|Any CPU.ActiveCfg = Release|Any CPU
		{1817D7EF-63DD-4749-9422-0AEC1A2559B7}.Staging|Any CPU.Build.0 = Release|Any CPU
		{16B1B2E4-A1A0-46B2-8541-67660DF5333D}.Debug|Any CPU.ActiveCfg = Debug|Any CPU
		{16B1B2E4-A1A0-46B2-8541-67660DF5333D}.Debug|Any CPU.Build.0 = Debug|Any CPU
		{16B1B2E4-A1A0-46B2-8541-67660DF5333D}.Release|Any CPU.ActiveCfg = Release|Any CPU
		{16B1B2E4-A1A0-46B2-8541-67660DF5333D}.Release|Any CPU.Build.0 = Release|Any CPU
		{16B1B2E4-A1A0-46B2-8541-67660DF5333D}.Staging|Any CPU.ActiveCfg = Debug|Any CPU
		{16B1B2E4-A1A0-46B2-8541-67660DF5333D}.Staging|Any CPU.Build.0 = Debug|Any CPU
		{0400E1AA-6C2A-424C-AEFC-99A2B2A169B1}.Debug|Any CPU.ActiveCfg = Debug|Any CPU
		{0400E1AA-6C2A-424C-AEFC-99A2B2A169B1}.Debug|Any CPU.Build.0 = Debug|Any CPU
		{0400E1AA-6C2A-424C-AEFC-99A2B2A169B1}.Release|Any CPU.ActiveCfg = Release|Any CPU
		{0400E1AA-6C2A-424C-AEFC-99A2B2A169B1}.Release|Any CPU.Build.0 = Release|Any CPU
		{0400E1AA-6C2A-424C-AEFC-99A2B2A169B1}.Staging|Any CPU.ActiveCfg = Debug|Any CPU
		{0400E1AA-6C2A-424C-AEFC-99A2B2A169B1}.Staging|Any CPU.Build.0 = Debug|Any CPU
		{22F4174B-F892-4ECB-8DA5-B989E85324EB}.Debug|Any CPU.ActiveCfg = Debug|Any CPU
		{22F4174B-F892-4ECB-8DA5-B989E85324EB}.Debug|Any CPU.Build.0 = Debug|Any CPU
		{22F4174B-F892-4ECB-8DA5-B989E85324EB}.Release|Any CPU.ActiveCfg = Release|Any CPU
		{22F4174B-F892-4ECB-8DA5-B989E85324EB}.Release|Any CPU.Build.0 = Release|Any CPU
		{22F4174B-F892-4ECB-8DA5-B989E85324EB}.Staging|Any CPU.ActiveCfg = Debug|Any CPU
		{22F4174B-F892-4ECB-8DA5-B989E85324EB}.Staging|Any CPU.Build.0 = Debug|Any CPU
		{6AB5B659-582E-4C4C-86B8-19C1100118F3}.Debug|Any CPU.ActiveCfg = Debug|Any CPU
		{6AB5B659-582E-4C4C-86B8-19C1100118F3}.Debug|Any CPU.Build.0 = Debug|Any CPU
		{6AB5B659-582E-4C4C-86B8-19C1100118F3}.Release|Any CPU.ActiveCfg = Release|Any CPU
		{6AB5B659-582E-4C4C-86B8-19C1100118F3}.Release|Any CPU.Build.0 = Release|Any CPU
		{6AB5B659-582E-4C4C-86B8-19C1100118F3}.Staging|Any CPU.ActiveCfg = Debug|Any CPU
		{6AB5B659-582E-4C4C-86B8-19C1100118F3}.Staging|Any CPU.Build.0 = Debug|Any CPU
	EndGlobalSection
	GlobalSection(SolutionProperties) = preSolution
		HideSolutionNode = FALSE
	EndGlobalSection
	GlobalSection(ExtensibilityGlobals) = postSolution
		SolutionGuid = {34CA40D5-8058-4DC8-9BA2-67C3F1EA065E}
	EndGlobalSection
EndGlobal
