
Microsoft Visual Studio Solution File, Format Version 12.00
# Visual Studio Version 16
VisualStudioVersion = 16.0.29215.179
MinimumVisualStudioVersion = 10.0.40219.1
Project("{9A19103F-16F7-4668-BE54-9A1E7A4F7556}") = "Moggles", "Moggles\Moggles.csproj", "{3A22C921-C180-4DCF-983A-7A0CE920AFE9}"
EndProject
Project("{9A19103F-16F7-4668-BE54-9A1E7A4F7556}") = "Moggles.Domain", "Moggles.Domain\Moggles.Domain.csproj", "{1817D7EF-63DD-4749-9422-0AEC1A2559B7}"
EndProject
Project("{9A19103F-16F7-4668-BE54-9A1E7A4F7556}") = "Moggles.Tests", "Moggles.Tests\Moggles.Tests.csproj", "{16B1B2E4-A1A0-46B2-8541-67660DF5333D}"
EndProject
Project("{9A19103F-16F7-4668-BE54-9A1E7A4F7556}") = "MogglesContracts", "MogglesContracts\MogglesContracts.csproj", "{0400E1AA-6C2A-424C-AEFC-99A2B2A169B1}"
EndProject
Project("{9A19103F-16F7-4668-BE54-9A1E7A4F7556}") = "Moggles.UnitTests", "Moggles.UnitTests\Moggles.UnitTests.csproj", "{22F4174B-F892-4ECB-8DA5-B989E85324EB}"
EndProject
Project("{9A19103F-16F7-4668-BE54-9A1E7A4F7556}") = "Moggles.Data.NoDb", "Moggles.Data.NoDb\Moggles.Data.NoDb.csproj", "{6AB5B659-582E-4C4C-86B8-19C1100118F3}"
EndProject
Project("{9A19103F-16F7-4668-BE54-9A1E7A4F7556}") = "Moggles.EndToEndTests", "Moggles.EndToEndTests\Moggles.EndToEndTests.csproj", "{2EB99974-1E6B-451D-ABC1-E8430C9F19BA}"
EndProject
Global
	GlobalSection(SolutionConfigurationPlatforms) = preSolution
		Debug|Any CPU = Debug|Any CPU
		DEV|Any CPU = DEV|Any CPU
		LIVE|Any CPU = LIVE|Any CPU
		QA|Any CPU = QA|Any CPU
		Release|Any CPU = Release|Any CPU
		Staging|Any CPU = Staging|Any CPU
	EndGlobalSection
	GlobalSection(ProjectConfigurationPlatforms) = postSolution
		{3A22C921-C180-4DCF-983A-7A0CE920AFE9}.Debug|Any CPU.ActiveCfg = Debug|Any CPU
		{3A22C921-C180-4DCF-983A-7A0CE920AFE9}.Debug|Any CPU.Build.0 = Debug|Any CPU
		{3A22C921-C180-4DCF-983A-7A0CE920AFE9}.DEV|Any CPU.ActiveCfg = Debug|Any CPU
		{3A22C921-C180-4DCF-983A-7A0CE920AFE9}.DEV|Any CPU.Build.0 = Debug|Any CPU
		{3A22C921-C180-4DCF-983A-7A0CE920AFE9}.LIVE|Any CPU.ActiveCfg = Staging|Any CPU
		{3A22C921-C180-4DCF-983A-7A0CE920AFE9}.LIVE|Any CPU.Build.0 = Staging|Any CPU
		{3A22C921-C180-4DCF-983A-7A0CE920AFE9}.QA|Any CPU.ActiveCfg = Staging|Any CPU
		{3A22C921-C180-4DCF-983A-7A0CE920AFE9}.QA|Any CPU.Build.0 = Staging|Any CPU
		{3A22C921-C180-4DCF-983A-7A0CE920AFE9}.Release|Any CPU.ActiveCfg = Release|Any CPU
		{3A22C921-C180-4DCF-983A-7A0CE920AFE9}.Release|Any CPU.Build.0 = Release|Any CPU
		{3A22C921-C180-4DCF-983A-7A0CE920AFE9}.Staging|Any CPU.ActiveCfg = Release|Any CPU
		{3A22C921-C180-4DCF-983A-7A0CE920AFE9}.Staging|Any CPU.Build.0 = Release|Any CPU
		{1817D7EF-63DD-4749-9422-0AEC1A2559B7}.Debug|Any CPU.ActiveCfg = Debug|Any CPU
		{1817D7EF-63DD-4749-9422-0AEC1A2559B7}.Debug|Any CPU.Build.0 = Debug|Any CPU
		{1817D7EF-63DD-4749-9422-0AEC1A2559B7}.DEV|Any CPU.ActiveCfg = Debug|Any CPU
		{1817D7EF-63DD-4749-9422-0AEC1A2559B7}.DEV|Any CPU.Build.0 = Debug|Any CPU
		{1817D7EF-63DD-4749-9422-0AEC1A2559B7}.LIVE|Any CPU.ActiveCfg = Staging|Any CPU
		{1817D7EF-63DD-4749-9422-0AEC1A2559B7}.LIVE|Any CPU.Build.0 = Staging|Any CPU
		{1817D7EF-63DD-4749-9422-0AEC1A2559B7}.QA|Any CPU.ActiveCfg = Staging|Any CPU
		{1817D7EF-63DD-4749-9422-0AEC1A2559B7}.QA|Any CPU.Build.0 = Staging|Any CPU
		{1817D7EF-63DD-4749-9422-0AEC1A2559B7}.Release|Any CPU.ActiveCfg = Release|Any CPU
		{1817D7EF-63DD-4749-9422-0AEC1A2559B7}.Release|Any CPU.Build.0 = Release|Any CPU
		{1817D7EF-63DD-4749-9422-0AEC1A2559B7}.Staging|Any CPU.ActiveCfg = Release|Any CPU
		{1817D7EF-63DD-4749-9422-0AEC1A2559B7}.Staging|Any CPU.Build.0 = Release|Any CPU
		{16B1B2E4-A1A0-46B2-8541-67660DF5333D}.Debug|Any CPU.ActiveCfg = Debug|Any CPU
		{16B1B2E4-A1A0-46B2-8541-67660DF5333D}.Debug|Any CPU.Build.0 = Debug|Any CPU
		{16B1B2E4-A1A0-46B2-8541-67660DF5333D}.DEV|Any CPU.ActiveCfg = Debug|Any CPU
		{16B1B2E4-A1A0-46B2-8541-67660DF5333D}.DEV|Any CPU.Build.0 = Debug|Any CPU
		{16B1B2E4-A1A0-46B2-8541-67660DF5333D}.LIVE|Any CPU.ActiveCfg = Release|Any CPU
		{16B1B2E4-A1A0-46B2-8541-67660DF5333D}.LIVE|Any CPU.Build.0 = Release|Any CPU
		{16B1B2E4-A1A0-46B2-8541-67660DF5333D}.QA|Any CPU.ActiveCfg = Release|Any CPU
		{16B1B2E4-A1A0-46B2-8541-67660DF5333D}.QA|Any CPU.Build.0 = Release|Any CPU
		{16B1B2E4-A1A0-46B2-8541-67660DF5333D}.Release|Any CPU.ActiveCfg = Release|Any CPU
		{16B1B2E4-A1A0-46B2-8541-67660DF5333D}.Release|Any CPU.Build.0 = Release|Any CPU
		{16B1B2E4-A1A0-46B2-8541-67660DF5333D}.Staging|Any CPU.ActiveCfg = Debug|Any CPU
		{16B1B2E4-A1A0-46B2-8541-67660DF5333D}.Staging|Any CPU.Build.0 = Debug|Any CPU
		{0400E1AA-6C2A-424C-AEFC-99A2B2A169B1}.Debug|Any CPU.ActiveCfg = Debug|Any CPU
		{0400E1AA-6C2A-424C-AEFC-99A2B2A169B1}.Debug|Any CPU.Build.0 = Debug|Any CPU
		{0400E1AA-6C2A-424C-AEFC-99A2B2A169B1}.DEV|Any CPU.ActiveCfg = Debug|Any CPU
		{0400E1AA-6C2A-424C-AEFC-99A2B2A169B1}.DEV|Any CPU.Build.0 = Debug|Any CPU
		{0400E1AA-6C2A-424C-AEFC-99A2B2A169B1}.LIVE|Any CPU.ActiveCfg = Release|Any CPU
		{0400E1AA-6C2A-424C-AEFC-99A2B2A169B1}.LIVE|Any CPU.Build.0 = Release|Any CPU
		{0400E1AA-6C2A-424C-AEFC-99A2B2A169B1}.QA|Any CPU.ActiveCfg = Release|Any CPU
		{0400E1AA-6C2A-424C-AEFC-99A2B2A169B1}.QA|Any CPU.Build.0 = Release|Any CPU
		{0400E1AA-6C2A-424C-AEFC-99A2B2A169B1}.Release|Any CPU.ActiveCfg = Release|Any CPU
		{0400E1AA-6C2A-424C-AEFC-99A2B2A169B1}.Release|Any CPU.Build.0 = Release|Any CPU
		{0400E1AA-6C2A-424C-AEFC-99A2B2A169B1}.Staging|Any CPU.ActiveCfg = Debug|Any CPU
		{0400E1AA-6C2A-424C-AEFC-99A2B2A169B1}.Staging|Any CPU.Build.0 = Debug|Any CPU
		{22F4174B-F892-4ECB-8DA5-B989E85324EB}.Debug|Any CPU.ActiveCfg = Debug|Any CPU
		{22F4174B-F892-4ECB-8DA5-B989E85324EB}.Debug|Any CPU.Build.0 = Debug|Any CPU
		{22F4174B-F892-4ECB-8DA5-B989E85324EB}.DEV|Any CPU.ActiveCfg = Debug|Any CPU
		{22F4174B-F892-4ECB-8DA5-B989E85324EB}.DEV|Any CPU.Build.0 = Debug|Any CPU
		{22F4174B-F892-4ECB-8DA5-B989E85324EB}.LIVE|Any CPU.ActiveCfg = Release|Any CPU
		{22F4174B-F892-4ECB-8DA5-B989E85324EB}.LIVE|Any CPU.Build.0 = Release|Any CPU
		{22F4174B-F892-4ECB-8DA5-B989E85324EB}.QA|Any CPU.ActiveCfg = Release|Any CPU
		{22F4174B-F892-4ECB-8DA5-B989E85324EB}.QA|Any CPU.Build.0 = Release|Any CPU
		{22F4174B-F892-4ECB-8DA5-B989E85324EB}.Release|Any CPU.ActiveCfg = Release|Any CPU
		{22F4174B-F892-4ECB-8DA5-B989E85324EB}.Release|Any CPU.Build.0 = Release|Any CPU
		{22F4174B-F892-4ECB-8DA5-B989E85324EB}.Staging|Any CPU.ActiveCfg = Debug|Any CPU
		{22F4174B-F892-4ECB-8DA5-B989E85324EB}.Staging|Any CPU.Build.0 = Debug|Any CPU
		{6AB5B659-582E-4C4C-86B8-19C1100118F3}.Debug|Any CPU.ActiveCfg = Debug|Any CPU
		{6AB5B659-582E-4C4C-86B8-19C1100118F3}.Debug|Any CPU.Build.0 = Debug|Any CPU
		{6AB5B659-582E-4C4C-86B8-19C1100118F3}.DEV|Any CPU.ActiveCfg = Debug|Any CPU
		{6AB5B659-582E-4C4C-86B8-19C1100118F3}.DEV|Any CPU.Build.0 = Debug|Any CPU
		{6AB5B659-582E-4C4C-86B8-19C1100118F3}.LIVE|Any CPU.ActiveCfg = Release|Any CPU
		{6AB5B659-582E-4C4C-86B8-19C1100118F3}.LIVE|Any CPU.Build.0 = Release|Any CPU
		{6AB5B659-582E-4C4C-86B8-19C1100118F3}.QA|Any CPU.ActiveCfg = Release|Any CPU
		{6AB5B659-582E-4C4C-86B8-19C1100118F3}.QA|Any CPU.Build.0 = Release|Any CPU
		{6AB5B659-582E-4C4C-86B8-19C1100118F3}.Release|Any CPU.ActiveCfg = Release|Any CPU
		{6AB5B659-582E-4C4C-86B8-19C1100118F3}.Release|Any CPU.Build.0 = Release|Any CPU
		{6AB5B659-582E-4C4C-86B8-19C1100118F3}.Staging|Any CPU.ActiveCfg = Debug|Any CPU
		{6AB5B659-582E-4C4C-86B8-19C1100118F3}.Staging|Any CPU.Build.0 = Debug|Any CPU
		{2EB99974-1E6B-451D-ABC1-E8430C9F19BA}.Debug|Any CPU.ActiveCfg = DEV|Any CPU
		{2EB99974-1E6B-451D-ABC1-E8430C9F19BA}.Debug|Any CPU.Build.0 = DEV|Any CPU
		{2EB99974-1E6B-451D-ABC1-E8430C9F19BA}.DEV|Any CPU.ActiveCfg = Debug|Any CPU
		{2EB99974-1E6B-451D-ABC1-E8430C9F19BA}.DEV|Any CPU.Build.0 = Debug|Any CPU
		{2EB99974-1E6B-451D-ABC1-E8430C9F19BA}.LIVE|Any CPU.ActiveCfg = LIVE|Any CPU
		{2EB99974-1E6B-451D-ABC1-E8430C9F19BA}.LIVE|Any CPU.Build.0 = LIVE|Any CPU
		{2EB99974-1E6B-451D-ABC1-E8430C9F19BA}.QA|Any CPU.ActiveCfg = Release|Any CPU
		{2EB99974-1E6B-451D-ABC1-E8430C9F19BA}.QA|Any CPU.Build.0 = Release|Any CPU
		{2EB99974-1E6B-451D-ABC1-E8430C9F19BA}.Release|Any CPU.ActiveCfg = Release|Any CPU
		{2EB99974-1E6B-451D-ABC1-E8430C9F19BA}.Release|Any CPU.Build.0 = Release|Any CPU
		{2EB99974-1E6B-451D-ABC1-E8430C9F19BA}.Staging|Any CPU.ActiveCfg = Debug|Any CPU
		{2EB99974-1E6B-451D-ABC1-E8430C9F19BA}.Staging|Any CPU.Build.0 = Debug|Any CPU
	EndGlobalSection
	GlobalSection(SolutionProperties) = preSolution
		HideSolutionNode = FALSE
	EndGlobalSection
	GlobalSection(ExtensibilityGlobals) = postSolution
		SolutionGuid = {34CA40D5-8058-4DC8-9BA2-67C3F1EA065E}
	EndGlobalSection
EndGlobal
